
Microsoft Visual Studio Solution File, Format Version 12.00
# Visual Studio Version 16
VisualStudioVersion = 16.0.31424.327
MinimumVisualStudioVersion = 10.0.40219.1
Project("{FAE04EC0-301F-11D3-BF4B-00C04F79EFBC}") = "PracticaLINQ", "PracticaLINQ.csproj", "{B0E9110A-39EF-480E-9387-E8A771F53824}"
EndProject
Global
	GlobalSection(SolutionConfigurationPlatforms) = preSolution
		Debug|Any CPU = Debug|Any CPU
		Release|Any CPU = Release|Any CPU
	EndGlobalSection
	GlobalSection(ProjectConfigurationPlatforms) = postSolution
		{B0E9110A-39EF-480E-9387-E8A771F53824}.Debug|Any CPU.ActiveCfg = Debug|Any CPU
		{B0E9110A-39EF-480E-9387-E8A771F53824}.Debug|Any CPU.Build.0 = Debug|Any CPU
		{B0E9110A-39EF-480E-9387-E8A771F53824}.Release|Any CPU.ActiveCfg = Release|Any CPU
		{B0E9110A-39EF-480E-9387-E8A771F53824}.Release|Any CPU.Build.0 = Release|Any CPU
	EndGlobalSection
	GlobalSection(SolutionProperties) = preSolution
		HideSolutionNode = FALSE
	EndGlobalSection
	GlobalSection(ExtensibilityGlobals) = postSolution
		SolutionGuid = {FF74CC38-CB96-4BEB-810F-A43BD631A740}
	EndGlobalSection
EndGlobal
